dependencies:
- name: kube-prometheus-stack
  repository: https://prometheus-community.github.io/helm-charts/
  version: 61.3.1
- name: kube-prometheus-stack
  repository: https://prometheus-community.github.io/helm-charts/
  version: 61.3.1
- name: prometheus-adapter
  repository: https://prometheus-community.github.io/helm-charts/
  version: 4.10.0
- name: prometheus-pushgateway
  repository: https://prometheus-community.github.io/helm-charts/
  version: 2.14.0
- name: prometheus-blackbox-exporter
  repository: https://prometheus-community.github.io/helm-charts/
  version: 8.17.0
digest: sha256:fc4b5d1a68181468fa2ec35ef9307c470a68bfb0b4d46a191c772a82f85f70e7
generated: "2024-07-12T21:49:05.791141+05:30"
