dependencies:
- name: kube-prometheus-stack
  repository: https://prometheus-community.github.io/helm-charts/
  version: 61.3.1
- name: kube-prometheus-stack
  repository: https://prometheus-community.github.io/helm-charts/
  version: 61.3.1
- name: prometheus-adapter
  repository: https://prometheus-community.github.io/helm-charts/
  version: 4.10.0
- name: prometheus-pushgateway
  repository: https://prometheus-community.github.io/helm-charts/
  version: 2.14.0
- name: prometheus-blackbox-exporter
  repository: https://prometheus-community.github.io/helm-charts/
  version: 8.17.0
- name: thanos
  repository: oci://registry-1.docker.io/bitnamicharts
  version: 15.7.12
digest: sha256:9f2dc3ccc64a5175b2ff7a18bde25eeead7d6202f28f242f5116aaf9257245be
generated: "2024-07-22T23:57:56.45094+05:30"
